// !$*UTF8*$!
{
	archiveVersion = 1;
	classes = {
	};
	objectVersion = 56;
	objects = {

/* Begin PBXBuildFile section */
		D84AE01A2BDFBE570064C960 /* Boult2_0App.swift in Sources */ = {isa = PBXBuildFile; fileRef = D84AE0192BDFBE570064C960 /* Boult2_0App.swift */; };
		D84AE01C2BDFBE570064C960 /* ContentView.swift in Sources */ = {isa = PBXBuildFile; fileRef = D84AE01B2BDFBE570064C960 /* ContentView.swift */; };
		D84AE01E2BDFBE5A0064C960 /* Assets.xcassets in Resources */ = {isa = PBXBuildFile; fileRef = D84AE01D2BDFBE5A0064C960 /* Assets.xcassets */; };
		D84AE0212BDFBE5A0064C960 /* Preview Assets.xcassets in Resources */ = {isa = PBXBuildFile; fileRef = D84AE0202BDFBE5A0064C960 /* Preview Assets.xcassets */; };
		D84AE0312BDFCD4B0064C960 /* FeedView.swift in Sources */ = {isa = PBXBuildFile; fileRef = D84AE0302BDFCD4B0064C960 /* FeedView.swift */; };
		D84AE0352BDFD2C80064C960 /* BoultCell.swift in Sources */ = {isa = PBXBuildFile; fileRef = D84AE0342BDFD2C80064C960 /* BoultCell.swift */; };
		D84AE0372BE00AA00064C960 /* SearchView.swift in Sources */ = {isa = PBXBuildFile; fileRef = D84AE0362BE00AA00064C960 /* SearchView.swift */; };
		D84AE0392BE00CF50064C960 /* Message.swift in Sources */ = {isa = PBXBuildFile; fileRef = D84AE0382BE00CF50064C960 /* Message.swift */; };
		D84AE03B2BE00D040064C960 /* Tweet.swift in Sources */ = {isa = PBXBuildFile; fileRef = D84AE03A2BE00D040064C960 /* Tweet.swift */; };
		D84AE03D2BE00D100064C960 /* User.swift in Sources */ = {isa = PBXBuildFile; fileRef = D84AE03C2BE00D100064C960 /* User.swift */; };
/* End PBXBuildFile section */

/* Begin PBXFileReference section */
		D84AE0162BDFBE570064C960 /* Boult2.0.app */ = {isa = PBXFileReference; explicitFileType = wrapper.application; includeInIndex = 0; path = Boult2.0.app; sourceTree = BUILT_PRODUCTS_DIR; };
		D84AE0192BDFBE570064C960 /* Boult2_0App.swift */ = {isa = PBXFileReference; lastKnownFileType = sourcecode.swift; path = Boult2_0App.swift; sourceTree = "<group>"; };
		D84AE01B2BDFBE570064C960 /* ContentView.swift */ = {isa = PBXFileReference; lastKnownFileType = sourcecode.swift; path = ContentView.swift; sourceTree = "<group>"; };
		D84AE01D2BDFBE5A0064C960 /* Assets.xcassets */ = {isa = PBXFileReference; lastKnownFileType = folder.assetcatalog; path = Assets.xcassets; sourceTree = "<group>"; };
		D84AE0202BDFBE5A0064C960 /* Preview Assets.xcassets */ = {isa = PBXFileReference; lastKnownFileType = folder.assetcatalog; path = "Preview Assets.xcassets"; sourceTree = "<group>"; };
		D84AE0302BDFCD4B0064C960 /* FeedView.swift */ = {isa = PBXFileReference; lastKnownFileType = sourcecode.swift; path = FeedView.swift; sourceTree = "<group>"; };
		D84AE0342BDFD2C80064C960 /* BoultCell.swift */ = {isa = PBXFileReference; lastKnownFileType = sourcecode.swift; path = BoultCell.swift; sourceTree = "<group>"; };
		D84AE0362BE00AA00064C960 /* SearchView.swift */ = {isa = PBXFileReference; lastKnownFileType = sourcecode.swift; path = SearchView.swift; sourceTree = "<group>"; };
		D84AE0382BE00CF50064C960 /* Message.swift */ = {isa = PBXFileReference; lastKnownFileType = sourcecode.swift; path = Message.swift; sourceTree = "<group>"; };
		D84AE03A2BE00D040064C960 /* Tweet.swift */ = {isa = PBXFileReference; lastKnownFileType = sourcecode.swift; path = Tweet.swift; sourceTree = "<group>"; };
		D84AE03C2BE00D100064C960 /* User.swift */ = {isa = PBXFileReference; lastKnownFileType = sourcecode.swift; path = User.swift; sourceTree = "<group>"; };
/* End PBXFileReference section */

/* Begin PBXFrameworksBuildPhase section */
		D84AE0132BDFBE570064C960 /* Frameworks */ = {
			isa = PBXFrameworksBuildPhase;
			buildActionMask = 2147483647;
			files = (
			);
			runOnlyForDeploymentPostprocessing = 0;
		};
/* End PBXFrameworksBuildPhase section */

/* Begin PBXGroup section */
		D84AE00D2BDFBE570064C960 = {
			isa = PBXGroup;
			children = (
				D84AE0182BDFBE570064C960 /* Boult2.0 */,
				D84AE0172BDFBE570064C960 /* Products */,
			);
			sourceTree = "<group>";
		};
		D84AE0172BDFBE570064C960 /* Products */ = {
			isa = PBXGroup;
			children = (
				D84AE0162BDFBE570064C960 /* Boult2.0.app */,
			);
			name = Products;
			sourceTree = "<group>";
		};
		D84AE0182BDFBE570064C960 /* Boult2.0 */ = {
			isa = PBXGroup;
			children = (
				D84AE02D2BDFCC8B0064C960 /* Model */,
				D84AE02E2BDFCC9D0064C960 /* View */,
				D84AE02F2BDFCCA40064C960 /* ViewModel */,
				D84AE0192BDFBE570064C960 /* Boult2_0App.swift */,
				D84AE01D2BDFBE5A0064C960 /* Assets.xcassets */,
				D84AE01F2BDFBE5A0064C960 /* Preview Content */,
			);
			path = Boult2.0;
			sourceTree = "<group>";
		};
		D84AE01F2BDFBE5A0064C960 /* Preview Content */ = {
			isa = PBXGroup;
			children = (
				D84AE0202BDFBE5A0064C960 /* Preview Assets.xcassets */,
			);
			path = "Preview Content";
			sourceTree = "<group>";
		};
		D84AE02D2BDFCC8B0064C960 /* Model */ = {
			isa = PBXGroup;
			children = (
				D84AE0382BE00CF50064C960 /* Message.swift */,
				D84AE03A2BE00D040064C960 /* Tweet.swift */,
				D84AE03C2BE00D100064C960 /* User.swift */,
			);
			path = Model;
			sourceTree = "<group>";
		};
		D84AE02E2BDFCC9D0064C960 /* View */ = {
			isa = PBXGroup;
			children = (
				D84AE01B2BDFBE570064C960 /* ContentView.swift */,
				D84AE0302BDFCD4B0064C960 /* FeedView.swift */,
				D84AE0342BDFD2C80064C960 /* BoultCell.swift */,
				D84AE0362BE00AA00064C960 /* SearchView.swift */,
			);
			path = View;
			sourceTree = "<group>";
		};
		D84AE02F2BDFCCA40064C960 /* ViewModel */ = {
			isa = PBXGroup;
			children = (
			);
			path = ViewModel;
			sourceTree = "<group>";
		};
/* End PBXGroup section */

/* Begin PBXNativeTarget section */
		D84AE0152BDFBE570064C960 /* Boult2.0 */ = {
			isa = PBXNativeTarget;
			buildConfigurationList = D84AE0242BDFBE5A0064C960 /* Build configuration list for PBXNativeTarget "Boult2.0" */;
			buildPhases = (
				D84AE0122BDFBE570064C960 /* Sources */,
				D84AE0132BDFBE570064C960 /* Frameworks */,
				D84AE0142BDFBE570064C960 /* Resources */,
			);
			buildRules = (
			);
			dependencies = (
			);
			name = Boult2.0;
			productName = Boult2.0;
			productReference = D84AE0162BDFBE570064C960 /* Boult2.0.app */;
			productType = "com.apple.product-type.application";
		};
/* End PBXNativeTarget section */

/* Begin PBXProject section */
		D84AE00E2BDFBE570064C960 /* Project object */ = {
			isa = PBXProject;
			attributes = {
				BuildIndependentTargetsInParallel = 1;
				LastSwiftUpdateCheck = 1530;
				LastUpgradeCheck = 1530;
				TargetAttributes = {
					D84AE0152BDFBE570064C960 = {
						CreatedOnToolsVersion = 15.3;
					};
				};
			};
			buildConfigurationList = D84AE0112BDFBE570064C960 /* Build configuration list for PBXProject "Boult2.0" */;
			compatibilityVersion = "Xcode 14.0";
			developmentRegion = en;
			hasScannedForEncodings = 0;
			knownRegions = (
				en,
				Base,
			);
			mainGroup = D84AE00D2BDFBE570064C960;
			productRefGroup = D84AE0172BDFBE570064C960 /* Products */;
			projectDirPath = "";
			projectRoot = "";
			targets = (
				D84AE0152BDFBE570064C960 /* Boult2.0 */,
			);
		};
/* End PBXProject section */

/* Begin PBXResourcesBuildPhase section */
		D84AE0142BDFBE570064C960 /* Resources */ = {
			isa = PBXResourcesBuildPhase;
			buildActionMask = 2147483647;
			files = (
				D84AE0212BDFBE5A0064C960 /* Preview Assets.xcassets in Resources */,
				D84AE01E2BDFBE5A0064C960 /* Assets.xcassets in Resources */,
			);
			runOnlyForDeploymentPostprocessing = 0;
		};
/* End PBXResourcesBuildPhase section */

/* Begin PBXSourcesBuildPhase section */
		D84AE0122BDFBE570064C960 /* Sources */ = {
			isa = PBXSourcesBuildPhase;
			buildActionMask = 2147483647;
			files = (
				D84AE0372BE00AA00064C960 /* SearchView.swift in Sources */,
				D84AE0352BDFD2C80064C960 /* BoultCell.swift in Sources */,
				D84AE01C2BDFBE570064C960 /* ContentView.swift in Sources */,
				D84AE03B2BE00D040064C960 /* Tweet.swift in Sources */,
				D84AE03D2BE00D100064C960 /* User.swift in Sources */,
				D84AE0392BE00CF50064C960 /* Message.swift in Sources */,
				D84AE0312BDFCD4B0064C960 /* FeedView.swift in Sources */,
				D84AE01A2BDFBE570064C960 /* Boult2_0App.swift in Sources */,
			);
			runOnlyForDeploymentPostprocessing = 0;
		};
/* End PBXSourcesBuildPhase section */

/* Begin XCBuildConfiguration section */
		D84AE0222BDFBE5A0064C960 /* Debug */ = {
			isa = XCBuildConfiguration;
			buildSettings = {
				ALWAYS_SEARCH_USER_PATHS = NO;
				ASSETCATALOG_COMPILER_GENERATE_SWIFT_ASSET_SYMBOL_EXTENSIONS = YES;
				CLANG_ANALYZER_NONNULL = YES;
				CLANG_ANALYZER_NUMBER_OBJECT_CONVERSION = YES_AGGRESSIVE;
				CLANG_CXX_LANGUAGE_STANDARD = "gnu++20";
				CLANG_ENABLE_MODULES = YES;
				CLANG_ENABLE_OBJC_ARC = YES;
				CLANG_ENABLE_OBJC_WEAK = YES;
				CLANG_WARN_BLOCK_CAPTURE_AUTORELEASING = YES;
				CLANG_WARN_BOOL_CONVERSION = YES;
				CLANG_WARN_COMMA = YES;
				CLANG_WARN_CONSTANT_CONVERSION = YES;
				CLANG_WARN_DEPRECATED_OBJC_IMPLEMENTATIONS = YES;
				CLANG_WARN_DIRECT_OBJC_ISA_USAGE = YES_ERROR;
				CLANG_WARN_DOCUMENTATION_COMMENTS = YES;
				CLANG_WARN_EMPTY_BODY = YES;
				CLANG_WARN_ENUM_CONVERSION = YES;
				CLANG_WARN_INFINITE_RECURSION = YES;
				CLANG_WARN_INT_CONVERSION = YES;
				CLANG_WARN_NON_LITERAL_NULL_CONVERSION = YES;
				CLANG_WARN_OBJC_IMPLICIT_RETAIN_SELF = YES;
				CLANG_WARN_OBJC_LITERAL_CONVERSION = YES;
				CLANG_WARN_OBJC_ROOT_CLASS = YES_ERROR;
				CLANG_WARN_QUOTED_INCLUDE_IN_FRAMEWORK_HEADER = YES;
				CLANG_WARN_RANGE_LOOP_ANALYSIS = YES;
				CLANG_WARN_STRICT_PROTOTYPES = YES;
				CLANG_WARN_SUSPICIOUS_MOVE = YES;
				CLANG_WARN_UNGUARDED_AVAILABILITY = YES_AGGRESSIVE;
				CLANG_WARN_UNREACHABLE_CODE = YES;
				CLANG_WARN__DUPLICATE_METHOD_MATCH = YES;
				COPY_PHASE_STRIP = NO;
				DEBUG_INFORMATION_FORMAT = dwarf;
				ENABLE_STRICT_OBJC_MSGSEND = YES;
				ENABLE_TESTABILITY = YES;
				ENABLE_USER_SCRIPT_SANDBOXING = YES;
				GCC_C_LANGUAGE_STANDARD = gnu17;
				GCC_DYNAMIC_NO_PIC = NO;
				GCC_NO_COMMON_BLOCKS = YES;
				GCC_OPTIMIZATION_LEVEL = 0;
				GCC_PREPROCESSOR_DEFINITIONS = (
					"DEBUG=1",
					"$(inherited)",
				);
				GCC_WARN_64_TO_32_BIT_CONVERSION = YES;
				GCC_WARN_ABOUT_RETURN_TYPE = YES_ERROR;
				GCC_WARN_UNDECLARED_SELECTOR = YES;
				GCC_WARN_UNINITIALIZED_AUTOS = YES_AGGRESSIVE;
				GCC_WARN_UNUSED_FUNCTION = YES;
				GCC_WARN_UNUSED_VARIABLE = YES;
				IPHONEOS_DEPLOYMENT_TARGET = 17.4;
				LOCALIZATION_PREFERS_STRING_CATALOGS = YES;
				MTL_ENABLE_DEBUG_INFO = INCLUDE_SOURCE;
				MTL_FAST_MATH = YES;
				ONLY_ACTIVE_ARCH = YES;
				SDKROOT = iphoneos;
				SWIFT_ACTIVE_COMPILATION_CONDITIONS = "DEBUG $(inherited)";
				SWIFT_OPTIMIZATION_LEVEL = "-Onone";
			};
			name = Debug;
		};
		D84AE0232BDFBE5A0064C960 /* Release */ = {
			isa = XCBuildConfiguration;
			buildSettings = {
				ALWAYS_SEARCH_USER_PATHS = NO;
				ASSETCATALOG_COMPILER_GENERATE_SWIFT_ASSET_SYMBOL_EXTENSIONS = YES;
				CLANG_ANALYZER_NONNULL = YES;
				CLANG_ANALYZER_NUMBER_OBJECT_CONVERSION = YES_AGGRESSIVE;
				CLANG_CXX_LANGUAGE_STANDARD = "gnu++20";
				CLANG_ENABLE_MODULES = YES;
				CLANG_ENABLE_OBJC_ARC = YES;
				CLANG_ENABLE_OBJC_WEAK = YES;
				CLANG_WARN_BLOCK_CAPTURE_AUTORELEASING = YES;
				CLANG_WARN_BOOL_CONVERSION = YES;
				CLANG_WARN_COMMA = YES;
				CLANG_WARN_CONSTANT_CONVERSION = YES;
				CLANG_WARN_DEPRECATED_OBJC_IMPLEMENTATIONS = YES;
				CLANG_WARN_DIRECT_OBJC_ISA_USAGE = YES_ERROR;
				CLANG_WARN_DOCUMENTATION_COMMENTS = YES;
				CLANG_WARN_EMPTY_BODY = YES;
				CLANG_WARN_ENUM_CONVERSION = YES;
				CLANG_WARN_INFINITE_RECURSION = YES;
				CLANG_WARN_INT_CONVERSION = YES;
				CLANG_WARN_NON_LITERAL_NULL_CONVERSION = YES;
				CLANG_WARN_OBJC_IMPLICIT_RETAIN_SELF = YES;
				CLANG_WARN_OBJC_LITERAL_CONVERSION = YES;
				CLANG_WARN_OBJC_ROOT_CLASS = YES_ERROR;
				CLANG_WARN_QUOTED_INCLUDE_IN_FRAMEWORK_HEADER = YES;
				CLANG_WARN_RANGE_LOOP_ANALYSIS = YES;
				CLANG_WARN_STRICT_PROTOTYPES = YES;
				CLANG_WARN_SUSPICIOUS_MOVE = YES;
				CLANG_WARN_UNGUARDED_AVAILABILITY = YES_AGGRESSIVE;
				CLANG_WARN_UNREACHABLE_CODE = YES;
				CLANG_WARN__DUPLICATE_METHOD_MATCH = YES;
				COPY_PHASE_STRIP = NO;
				DEBUG_INFORMATION_FORMAT = "dwarf-with-dsym";
				ENABLE_NS_ASSERTIONS = NO;
				ENABLE_STRICT_OBJC_MSGSEND = YES;
				ENABLE_USER_SCRIPT_SANDBOXING = YES;
				GCC_C_LANGUAGE_STANDARD = gnu17;
				GCC_NO_COMMON_BLOCKS = YES;
				GCC_WARN_64_TO_32_BIT_CONVERSION = YES;
				GCC_WARN_ABOUT_RETURN_TYPE = YES_ERROR;
				GCC_WARN_UNDECLARED_SELECTOR = YES;
				GCC_WARN_UNINITIALIZED_AUTOS = YES_AGGRESSIVE;
				GCC_WARN_UNUSED_FUNCTION = YES;
				GCC_WARN_UNUSED_VARIABLE = YES;
				IPHONEOS_DEPLOYMENT_TARGET = 17.4;
				LOCALIZATION_PREFERS_STRING_CATALOGS = YES;
				MTL_ENABLE_DEBUG_INFO = NO;
				MTL_FAST_MATH = YES;
				SDKROOT = iphoneos;
				SWIFT_COMPILATION_MODE = wholemodule;
				VALIDATE_PRODUCT = YES;
			};
			name = Release;
		};
		D84AE0252BDFBE5A0064C960 /* Debug */ = {
			isa = XCBuildConfiguration;
			buildSettings = {
				ASSETCATALOG_COMPILER_APPICON_NAME = AppIcon;
				ASSETCATALOG_COMPILER_GLOBAL_ACCENT_COLOR_NAME = AccentColor;
				CODE_SIGN_STYLE = Automatic;
				CURRENT_PROJECT_VERSION = 1;
				DEVELOPMENT_ASSET_PATHS = "\"Boult2.0/Preview Content\"";
				DEVELOPMENT_TEAM = 443L3444LJ;
				ENABLE_PREVIEWS = YES;
				GENERATE_INFOPLIST_FILE = YES;
				INFOPLIST_KEY_UIApplicationSceneManifest_Generation = YES;
				INFOPLIST_KEY_UIApplicationSupportsIndirectInputEvents = YES;
				INFOPLIST_KEY_UILaunchScreen_Generation = YES;
				INFOPLIST_KEY_UISupportedInterfaceOrientations_iPad = "UIInterfaceOrientationPortrait UIInterfaceOrientationPortraitUpsideDown UIInterfaceOrientationLandscapeLeft UIInterfaceOrientationLandscapeRight";
				INFOPLIST_KEY_UISupportedInterfaceOrientations_iPhone = "UIInterfaceOrientationPortrait UIInterfaceOrientationLandscapeLeft UIInterfaceOrientationLandscapeRight";
				LD_RUNPATH_SEARCH_PATHS = (
					"$(inherited)",
					"@executable_path/Frameworks",
				);
				MARKETING_VERSION = 1.0;
				PRODUCT_BUNDLE_IDENTIFIER = "Jai.Boult2-0";
				PRODUCT_NAME = "$(TARGET_NAME)";
				SWIFT_EMIT_LOC_STRINGS = YES;
				SWIFT_VERSION = 5.0;
				TARGETED_DEVICE_FAMILY = "1,2";
			};
			name = Debug;
		};
		D84AE0262BDFBE5A0064C960 /* Release */ = {
			isa = XCBuildConfiguration;
			buildSettings = {
				ASSETCATALOG_COMPILER_APPICON_NAME = AppIcon;
				ASSETCATALOG_COMPILER_GLOBAL_ACCENT_COLOR_NAME = AccentColor;
				CODE_SIGN_STYLE = Automatic;
				CURRENT_PROJECT_VERSION = 1;
				DEVELOPMENT_ASSET_PATHS = "\"Boult2.0/Preview Content\"";
				DEVELOPMENT_TEAM = 443L3444LJ;
				ENABLE_PREVIEWS = YES;
				GENERATE_INFOPLIST_FILE = YES;
				INFOPLIST_KEY_UIApplicationSceneManifest_Generation = YES;
				INFOPLIST_KEY_UIApplicationSupportsIndirectInputEvents = YES;
				INFOPLIST_KEY_UILaunchScreen_Generation = YES;
				INFOPLIST_KEY_UISupportedInterfaceOrientations_iPad = "UIInterfaceOrientationPortrait UIInterfaceOrientationPortraitUpsideDown UIInterfaceOrientationLandscapeLeft UIInterfaceOrientationLandscapeRight";
				INFOPLIST_KEY_UISupportedInterfaceOrientations_iPhone = "UIInterfaceOrientationPortrait UIInterfaceOrientationLandscapeLeft UIInterfaceOrientationLandscapeRight";
				LD_RUNPATH_SEARCH_PATHS = (
					"$(inherited)",
					"@executable_path/Frameworks",
				);
				MARKETING_VERSION = 1.0;
				PRODUCT_BUNDLE_IDENTIFIER = "Jai.Boult2-0";
				PRODUCT_NAME = "$(TARGET_NAME)";
				SWIFT_EMIT_LOC_STRINGS = YES;
				SWIFT_VERSION = 5.0;
				TARGETED_DEVICE_FAMILY = "1,2";
			};
			name = Release;
		};
/* End XCBuildConfiguration section */

/* Begin XCConfigurationList section */
		D84AE0112BDFBE570064C960 /* Build configuration list for PBXProject "Boult2.0" */ = {
			isa = XCConfigurationList;
			buildConfigurations = (
				D84AE0222BDFBE5A0064C960 /* Debug */,
				D84AE0232BDFBE5A0064C960 /* Release */,
			);
			defaultConfigurationIsVisible = 0;
			defaultConfigurationName = Release;
		};
		D84AE0242BDFBE5A0064C960 /* Build configuration list for PBXNativeTarget "Boult2.0" */ = {
			isa = XCConfigurationList;
			buildConfigurations = (
				D84AE0252BDFBE5A0064C960 /* Debug */,
				D84AE0262BDFBE5A0064C960 /* Release */,
			);
			defaultConfigurationIsVisible = 0;
			defaultConfigurationName = Release;
		};
/* End XCConfigurationList section */
	};
	rootObject = D84AE00E2BDFBE570064C960 /* Project object */;
}
